
Microsoft Visual Studio Solution File, Format Version 12.00
# Visual Studio Version 16
VisualStudioVersion = 16.0.33529.622
MinimumVisualStudioVersion = 10.0.40219.1
Project("{9A19103F-16F7-4668-BE54-9A1E7A4F7556}") = "Xbox Discord Presence", "Xbox Discord Presence\Xbox Discord Presence.csproj", "{42D7F209-1BE4-4128-B7AF-70023C6BA9B3}"
EndProject
Project("{2150E333-8FDC-42A3-9474-1A3956D46DE8}") = "Solution Items", "Solution Items", "{363235FB-A0B1-41BF-A193-86684F5243E0}"
	ProjectSection(SolutionItems) = preProject
		.editorconfig = .editorconfig
	EndProjectSection
EndProject
Global
	GlobalSection(SolutionConfigurationPlatforms) = preSolution
		Debug|Any CPU = Debug|Any CPU
		Debug|x86 = Debug|x86
		Release|Any CPU = Release|Any CPU
		Release|x86 = Release|x86
	EndGlobalSection
	GlobalSection(ProjectConfigurationPlatforms) = postSolution
		{42D7F209-1BE4-4128-B7AF-70023C6BA9B3}.Debug|Any CPU.ActiveCfg = Debug|Any CPU
		{42D7F209-1BE4-4128-B7AF-70023C6BA9B3}.Debug|Any CPU.Build.0 = Debug|Any CPU
		{42D7F209-1BE4-4128-B7AF-70023C6BA9B3}.Debug|x86.ActiveCfg = Debug|x86
		{42D7F209-1BE4-4128-B7AF-70023C6BA9B3}.Debug|x86.Build.0 = Debug|x86
		{42D7F209-1BE4-4128-B7AF-70023C6BA9B3}.Release|Any CPU.ActiveCfg = Release|Any CPU
		{42D7F209-1BE4-4128-B7AF-70023C6BA9B3}.Release|Any CPU.Build.0 = Release|Any CPU
		{42D7F209-1BE4-4128-B7AF-70023C6BA9B3}.Release|x86.ActiveCfg = Release|x86
		{42D7F209-1BE4-4128-B7AF-70023C6BA9B3}.Release|x86.Build.0 = Release|x86
	EndGlobalSection
	GlobalSection(SolutionProperties) = preSolution
		HideSolutionNode = FALSE
	EndGlobalSection
	GlobalSection(ExtensibilityGlobals) = postSolution
		SolutionGuid = {C145D003-D7A5-4C23-BC2A-DCE6D0E8ADE6}
	EndGlobalSection
EndGlobal
